
Microsoft Visual Studio Solution File, Format Version 12.00
# Visual Studio Version 17
VisualStudioVersion = 17.3.32819.101
MinimumVisualStudioVersion = 10.0.40219.1
Project("{2150E333-8FDC-42A3-9474-1A3956D46DE8}") = "01.Clients", "01.Clients", "{8979C341-67EB-4050-AD5B-F4E3A2784EAA}"
EndProject
Project("{2150E333-8FDC-42A3-9474-1A3956D46DE8}") = "02.ApiGateways", "02.ApiGateways", "{D94A6683-A8A8-4F13-BC5E-7200578B7883}"
EndProject
Project("{2150E333-8FDC-42A3-9474-1A3956D46DE8}") = "03.Services", "03.Services", "{915814D2-5BE2-49F0-9232-ADE19755B7A5}"
EndProject
Project("{2150E333-8FDC-42A3-9474-1A3956D46DE8}") = "01.Identity", "01.Identity", "{05AA1D09-3168-47E0-B67F-A317ACE950A6}"
EndProject
Project("{2150E333-8FDC-42A3-9474-1A3956D46DE8}") = "02.Catalog", "02.Catalog", "{C7D443F3-565C-46DF-81C5-C3BA0371C968}"
EndProject
Project("{2150E333-8FDC-42A3-9474-1A3956D46DE8}") = "03.Customer", "03.Customer", "{AF1A9DD8-E9DE-4AFA-BF71-B27A8B6C16A2}"
EndProject
Project("{2150E333-8FDC-42A3-9474-1A3956D46DE8}") = "04.Order", "04.Order", "{394E0EB9-915A-4681-A602-7FBCFEC1CE95}"
EndProject
Project("{9A19103F-16F7-4668-BE54-9A1E7A4F7556}") = "Catalog.Api", "src\Services\Catalog\Catalog.Api\Catalog.Api.csproj", "{9621AFDB-44E0-4059-B789-065E6F10B450}"
EndProject
Project("{2150E333-8FDC-42A3-9474-1A3956D46DE8}") = "01. API", "01. API", "{F152E72B-25A6-456D-8C1B-8395ADF1B77D}"
EndProject
Project("{2150E333-8FDC-42A3-9474-1A3956D46DE8}") = "02.Services", "02.Services", "{52950555-1515-4D34-B817-E6133694F084}"
EndProject
Project("{2150E333-8FDC-42A3-9474-1A3956D46DE8}") = "06.Persistence", "06.Persistence", "{1F30A598-D3BE-4B09-A2D7-3E644E029D1E}"
EndProject
Project("{2150E333-8FDC-42A3-9474-1A3956D46DE8}") = "04.Models", "04.Models", "{7C9C835D-F3E6-4C3E-93D9-21FD57820B43}"
EndProject
Project("{9A19103F-16F7-4668-BE54-9A1E7A4F7556}") = "Catalog.Domain", "src\Services\Catalog\Catalog.Domain\Catalog.Domain.csproj", "{A3B70122-8E53-42F4-B003-E1D5FD529269}"
EndProject
Project("{9A19103F-16F7-4668-BE54-9A1E7A4F7556}") = "Catalog.Persistence.Database", "src\Services\Catalog\Catalog.Persistence.Database\Catalog.Persistence.Database.csproj", "{A6EAC991-1E5E-472E-8CCE-37C7EEE8A4E7}"
EndProject
Project("{9A19103F-16F7-4668-BE54-9A1E7A4F7556}") = "Catalog.Service.Queries", "src\Services\Catalog\Catalog.Service.Queries\Catalog.Service.Queries.csproj", "{00AADFFE-4137-4034-94AB-0EC877C2D8CE}"
EndProject
Project("{2150E333-8FDC-42A3-9474-1A3956D46DE8}") = "Common", "Common", "{DA05D63D-A1A3-4C1C-A0E0-7746CAB27FE2}"
EndProject
Project("{9A19103F-16F7-4668-BE54-9A1E7A4F7556}") = "Catalog.Service.EventHandlers", "src\Services\Catalog\Catalog.Service.EventHandlers\Catalog.Service.EventHandlers.csproj", "{65C72055-7E3F-4851-B92E-AEF5261FFB7D}"
EndProject
Project("{9A19103F-16F7-4668-BE54-9A1E7A4F7556}") = "Common", "src\Services\Catalog\Common\Common.csproj", "{224FB26A-9899-44B6-9FA1-A0A19B833875}"
EndProject
Project("{2150E333-8FDC-42A3-9474-1A3956D46DE8}") = "05.Common", "05.Common", "{AF66527B-18C9-42CB-9419-886E7540CC05}"
EndProject
Project("{2150E333-8FDC-42A3-9474-1A3956D46DE8}") = "04.Common", "04.Common", "{4A765487-8479-4601-8F82-C578AA9ACD17}"
EndProject
Project("{9A19103F-16F7-4668-BE54-9A1E7A4F7556}") = "Service.Common.Collection", "src\Services\Service.Common.Collection\Service.Common.Collection.csproj", "{675C1CB0-BDBC-4725-AF89-F108EC85906F}"
EndProject
Project("{9A19103F-16F7-4668-BE54-9A1E7A4F7556}") = "Service.Common.Mapping", "src\Services\Service.Common.Mapping\Service.Common.Mapping.csproj", "{329AEAD5-BD75-4254-92A0-2572E725ADA2}"
EndProject
Project("{9A19103F-16F7-4668-BE54-9A1E7A4F7556}") = "Service.Common.Paging", "src\Services\Service.Common.Paging\Service.Common.Paging.csproj", "{C3EA4931-F97B-4B3E-B817-EE8000B6C448}"
EndProject
Project("{9A19103F-16F7-4668-BE54-9A1E7A4F7556}") = "Common.Logging", "src\Common\Common.Logging\Common.Logging.csproj", "{5510C894-7736-4F52-97A8-E03552D90C73}"
EndProject
Project("{2150E333-8FDC-42A3-9474-1A3956D46DE8}") = "07.Testing", "07.Testing", "{12173691-D976-442C-AF07-B41E1D922E98}"
EndProject
Project("{9A19103F-16F7-4668-BE54-9A1E7A4F7556}") = "Catalog.Test", "src\Services\Catalog\Catalog.Test\Catalog.Test.csproj", "{D3D7D941-91F0-49E0-9FCA-B9056CC76AE7}"
EndProject
Project("{2150E333-8FDC-42A3-9474-1A3956D46DE8}") = "01.API", "01.API", "{15D14B7F-8D01-427B-8334-70462E32EC69}"
EndProject
Project("{2150E333-8FDC-42A3-9474-1A3956D46DE8}") = "02.Services", "02.Services", "{1544C05D-53FA-491B-86B7-DA3177A8F47D}"
EndProject
Project("{2150E333-8FDC-42A3-9474-1A3956D46DE8}") = "03.Persistence", "03.Persistence", "{09D9886E-681D-4B73-BCA2-1C5DF935A6A7}"
EndProject
Project("{2150E333-8FDC-42A3-9474-1A3956D46DE8}") = "04.Models", "04.Models", "{42177189-F117-45B9-A76C-40FB0A7E6C00}"
EndProject
Project("{2150E333-8FDC-42A3-9474-1A3956D46DE8}") = "05.Common", "05.Common", "{CFE8CC99-1954-4CD1-A54F-8D7C44C12C92}"
EndProject
Project("{2150E333-8FDC-42A3-9474-1A3956D46DE8}") = "06.Testing", "06.Testing", "{D61A7F96-BFC3-4E2B-8CF2-998C91C7DF9F}"
EndProject
Project("{9A19103F-16F7-4668-BE54-9A1E7A4F7556}") = "Customer.API", "src\Services\Customer\Customer.API\Customer.API.csproj", "{8EEB7F89-A1A4-47AB-A8EA-7BF9947FBDFF}"
EndProject
Project("{9A19103F-16F7-4668-BE54-9A1E7A4F7556}") = "Customer.Domain", "src\Services\Customer\Customer.Domain\Customer.Domain.csproj", "{CB307100-81A7-4255-9501-FE884944B351}"
EndProject
Project("{9A19103F-16F7-4668-BE54-9A1E7A4F7556}") = "Customer.Persistence.Database", "src\Services\Customer\Customer.Pesistence.Database\Customer.Persistence.Database.csproj", "{43F5D936-62CE-4219-8AAA-31D9D698D684}"
EndProject
Project("{9A19103F-16F7-4668-BE54-9A1E7A4F7556}") = "Customer.Service.Queries", "src\Services\Customer\Customer.Service.Queries\Customer.Service.Queries.csproj", "{A5236AD9-65C6-487D-B8B2-F048EC94C95D}"
EndProject
Project("{9A19103F-16F7-4668-BE54-9A1E7A4F7556}") = "Customer.Service.EventHandlers", "src\Services\Customer\Customer.Service.EventHandlers\Customer.Service.EventHandlers.csproj", "{2814DD85-8D86-46C8-A8C0-B378C5BCC8DE}"
EndProject
Project("{9A19103F-16F7-4668-BE54-9A1E7A4F7556}") = "Customer.Test", "src\Services\Customer\Customer.Test\Customer.Test.csproj", "{C13EAA25-2FDC-4A83-A1AF-A4416DB3D421}"
EndProject
Project("{2150E333-8FDC-42A3-9474-1A3956D46DE8}") = "01.API", "01.API", "{D853ECAC-482F-41EB-9B87-8DACCBAFF5D0}"
EndProject
Project("{2150E333-8FDC-42A3-9474-1A3956D46DE8}") = "02.Services", "02.Services", "{44FB22E4-F403-46F7-A965-0FD97359843F}"
EndProject
Project("{2150E333-8FDC-42A3-9474-1A3956D46DE8}") = "03.Persistence", "03.Persistence", "{4D23CE55-71DE-429F-952A-2A6EB37179ED}"
EndProject
Project("{2150E333-8FDC-42A3-9474-1A3956D46DE8}") = "04.Models", "04.Models", "{FC76E4F3-5FB2-4A7E-B964-FE039860066F}"
EndProject
Project("{2150E333-8FDC-42A3-9474-1A3956D46DE8}") = "05.Common", "05.Common", "{DC39699C-11E2-4B69-8CD8-6BC9348C4716}"
EndProject
Project("{2150E333-8FDC-42A3-9474-1A3956D46DE8}") = "06.Testing", "06.Testing", "{70CFCA98-8216-4DE9-A99D-1413D4D952FF}"
EndProject
Project("{9A19103F-16F7-4668-BE54-9A1E7A4F7556}") = "Order.Domain", "src\Services\Order\Order.Domain\Order.Domain.csproj", "{E5560659-ECB7-49AF-BF4C-034E6D176A7D}"
EndProject
Project("{9A19103F-16F7-4668-BE54-9A1E7A4F7556}") = "Order.Common", "src\Services\Order\Order.Common\Order.Common.csproj", "{6282C782-0DE8-470C-A18C-7B0162AE2EFD}"
EndProject
Project("{9A19103F-16F7-4668-BE54-9A1E7A4F7556}") = "Order.Service.Queries", "src\Services\Order\Order.Service.Queries\Order.Service.Queries.csproj", "{20D39D81-BF26-4820-978D-2F041438BF4A}"
EndProject
Project("{9A19103F-16F7-4668-BE54-9A1E7A4F7556}") = "Order.Persistence.Database", "src\Services\Order\Order.Persistence.Database\Order.Persistence.Database.csproj", "{D46810E5-BADE-474D-9A5A-C489B8F2A943}"
EndProject
Project("{9A19103F-16F7-4668-BE54-9A1E7A4F7556}") = "Order.Service.EventHandlers", "src\Services\Order\Order.Service.EventHandlers\Order.Service.EventHandlers.csproj", "{5BA3F6FA-A9AD-410E-B604-F96F88898C1D}"
EndProject
Project("{9A19103F-16F7-4668-BE54-9A1E7A4F7556}") = "Order.Api", "src\Services\Order\Order.Api\Order.Api.csproj", "{533A49E6-D07A-4E6A-AA47-4AF934084CB1}"
EndProject
Project("{9A19103F-16F7-4668-BE54-9A1E7A4F7556}") = "Order.Service.Proxies", "src\Services\Order\Order.Service.Proxies\Order.Service.Proxies.csproj", "{2CD62E10-9938-459D-9FAB-6A2AAB2AF27A}"
EndProject
Project("{2150E333-8FDC-42A3-9474-1A3956D46DE8}") = "03.Listeners", "03.Listeners", "{59B7821A-FAB1-453C-9C98-DFC55A0700C7}"
EndProject
Project("{9A19103F-16F7-4668-BE54-9A1E7A4F7556}") = "Catalog.Listener", "src\Services\Catalog\Catalog.Listener\Catalog.Listener.csproj", "{7818CBFE-9641-42EB-BAB3-418974EBD65A}"
EndProject
Project("{2150E333-8FDC-42A3-9474-1A3956D46DE8}") = "01.API", "01.API", "{1AE3686C-EBE5-4F85-8EB8-74596BD8C3E0}"
EndProject
Project("{2150E333-8FDC-42A3-9474-1A3956D46DE8}") = "02.Services", "02.Services", "{D89ACEC6-847B-4B41-B157-155172266C4D}"
EndProject
Project("{2150E333-8FDC-42A3-9474-1A3956D46DE8}") = "03.Persistence", "03.Persistence", "{E91FD2BC-50B8-4968-8D7D-F149656A4226}"
EndProject
Project("{2150E333-8FDC-42A3-9474-1A3956D46DE8}") = "04.Models", "04.Models", "{02010A0B-D60D-45AC-ABC2-DCA15E0BFBCD}"
EndProject
Project("{2150E333-8FDC-42A3-9474-1A3956D46DE8}") = "05.Testing", "05.Testing", "{9ACB3927-F835-4466-A17B-2745ED390F72}"
EndProject
Project("{9A19103F-16F7-4668-BE54-9A1E7A4F7556}") = "Identity.Domain", "src\Services\Identity\Identity.Domain\Identity.Domain.csproj", "{D39C34F2-CA1D-4709-963A-5A64FD38B440}"
EndProject
Project("{9A19103F-16F7-4668-BE54-9A1E7A4F7556}") = "Identity.Persistence.Database", "src\Services\Identity\Identity.Persistence.Database\Identity.Persistence.Database.csproj", "{284D19E0-27DA-4FA7-A292-0E0F41706064}"
EndProject
Project("{9A19103F-16F7-4668-BE54-9A1E7A4F7556}") = "Identity.Api", "src\Services\Identity\Identity.Api\Identity.Api.csproj", "{1E8E6C0E-E5E4-4278-90AB-25832CD19CE0}"
EndProject
Project("{9A19103F-16F7-4668-BE54-9A1E7A4F7556}") = "Identity.Service.EventHandlers", "src\Services\Identity\Identity.Service.EventHandlers\Identity.Service.EventHandlers.csproj", "{8F649272-85B8-4ECA-8C61-BE23AC4A465E}"
EndProject
Project("{2150E333-8FDC-42A3-9474-1A3956D46DE8}") = "APIs", "APIs", "{756E1C47-807C-45BB-9E8D-EA1B6E638D9B}"
EndProject
Project("{9A19103F-16F7-4668-BE54-9A1E7A4F7556}") = "Api.Gateway.WebClient", "src\Gateways\Api.Gateway.WebClient\Api.Gateway.WebClient.csproj", "{4525EF37-30A2-4AAC-9F77-A7169CAC0B14}"
EndProject
Project("{9A19103F-16F7-4668-BE54-9A1E7A4F7556}") = "Api.Gateway.Proxies", "src\Gateways\Api.Gateway.Proxies\Api.Gateway.Proxies.csproj", "{E5ECDF01-81E4-4CAA-9F7E-2B9D7778BDFF}"
EndProject
Project("{9A19103F-16F7-4668-BE54-9A1E7A4F7556}") = "Api.Gateway.Models", "src\Gateways\Api.Gateway.Models\Api.Gateway.Models.csproj", "{EB61C3C7-E95F-4120-B6BB-5DD88F0F1416}"
EndProject
Project("{9A19103F-16F7-4668-BE54-9A1E7A4F7556}") = "Clients.Authentication", "src\Clients\Clients.Authentication\Clients.Authentication.csproj", "{9E494C45-520B-43DD-9756-930AB29BA861}"
EndProject
Project("{9A19103F-16F7-4668-BE54-9A1E7A4F7556}") = "Clients.WebClient", "src\Clients\Clients.WebClient\Clients.WebClient.csproj", "{EFA1F88D-1BB0-4854-9A52-1EF42B97264E}"
EndProject
Project("{FAE04EC0-301F-11D3-BF4B-00C04F79EFBC}") = "Api.Gateway.WebClient.Proxy", "src\Gateways\Api.Gateway.WebClient.Proxy\Api.Gateway.WebClient.Proxy.csproj", "{C0380EA9-F75B-4CE7-8186-D9DBDC47F926}"
EndProject
Global
	GlobalSection(SolutionConfigurationPlatforms) = preSolution
		Debug|Any CPU = Debug|Any CPU
		Release|Any CPU = Release|Any CPU
	EndGlobalSection
	GlobalSection(ProjectConfigurationPlatforms) = postSolution
		{9621AFDB-44E0-4059-B789-065E6F10B450}.Debug|Any CPU.ActiveCfg = Debug|Any CPU
		{9621AFDB-44E0-4059-B789-065E6F10B450}.Debug|Any CPU.Build.0 = Debug|Any CPU
		{9621AFDB-44E0-4059-B789-065E6F10B450}.Release|Any CPU.ActiveCfg = Release|Any CPU
		{9621AFDB-44E0-4059-B789-065E6F10B450}.Release|Any CPU.Build.0 = Release|Any CPU
		{A3B70122-8E53-42F4-B003-E1D5FD529269}.Debug|Any CPU.ActiveCfg = Debug|Any CPU
		{A3B70122-8E53-42F4-B003-E1D5FD529269}.Debug|Any CPU.Build.0 = Debug|Any CPU
		{A3B70122-8E53-42F4-B003-E1D5FD529269}.Release|Any CPU.ActiveCfg = Release|Any CPU
		{A3B70122-8E53-42F4-B003-E1D5FD529269}.Release|Any CPU.Build.0 = Release|Any CPU
		{A6EAC991-1E5E-472E-8CCE-37C7EEE8A4E7}.Debug|Any CPU.ActiveCfg = Debug|Any CPU
		{A6EAC991-1E5E-472E-8CCE-37C7EEE8A4E7}.Debug|Any CPU.Build.0 = Debug|Any CPU
		{A6EAC991-1E5E-472E-8CCE-37C7EEE8A4E7}.Release|Any CPU.ActiveCfg = Release|Any CPU
		{A6EAC991-1E5E-472E-8CCE-37C7EEE8A4E7}.Release|Any CPU.Build.0 = Release|Any CPU
		{00AADFFE-4137-4034-94AB-0EC877C2D8CE}.Debug|Any CPU.ActiveCfg = Debug|Any CPU
		{00AADFFE-4137-4034-94AB-0EC877C2D8CE}.Debug|Any CPU.Build.0 = Debug|Any CPU
		{00AADFFE-4137-4034-94AB-0EC877C2D8CE}.Release|Any CPU.ActiveCfg = Release|Any CPU
		{00AADFFE-4137-4034-94AB-0EC877C2D8CE}.Release|Any CPU.Build.0 = Release|Any CPU
		{65C72055-7E3F-4851-B92E-AEF5261FFB7D}.Debug|Any CPU.ActiveCfg = Debug|Any CPU
		{65C72055-7E3F-4851-B92E-AEF5261FFB7D}.Debug|Any CPU.Build.0 = Debug|Any CPU
		{65C72055-7E3F-4851-B92E-AEF5261FFB7D}.Release|Any CPU.ActiveCfg = Release|Any CPU
		{65C72055-7E3F-4851-B92E-AEF5261FFB7D}.Release|Any CPU.Build.0 = Release|Any CPU
		{224FB26A-9899-44B6-9FA1-A0A19B833875}.Debug|Any CPU.ActiveCfg = Debug|Any CPU
		{224FB26A-9899-44B6-9FA1-A0A19B833875}.Debug|Any CPU.Build.0 = Debug|Any CPU
		{224FB26A-9899-44B6-9FA1-A0A19B833875}.Release|Any CPU.ActiveCfg = Release|Any CPU
		{224FB26A-9899-44B6-9FA1-A0A19B833875}.Release|Any CPU.Build.0 = Release|Any CPU
		{675C1CB0-BDBC-4725-AF89-F108EC85906F}.Debug|Any CPU.ActiveCfg = Debug|Any CPU
		{675C1CB0-BDBC-4725-AF89-F108EC85906F}.Debug|Any CPU.Build.0 = Debug|Any CPU
		{675C1CB0-BDBC-4725-AF89-F108EC85906F}.Release|Any CPU.ActiveCfg = Release|Any CPU
		{675C1CB0-BDBC-4725-AF89-F108EC85906F}.Release|Any CPU.Build.0 = Release|Any CPU
		{329AEAD5-BD75-4254-92A0-2572E725ADA2}.Debug|Any CPU.ActiveCfg = Debug|Any CPU
		{329AEAD5-BD75-4254-92A0-2572E725ADA2}.Debug|Any CPU.Build.0 = Debug|Any CPU
		{329AEAD5-BD75-4254-92A0-2572E725ADA2}.Release|Any CPU.ActiveCfg = Release|Any CPU
		{329AEAD5-BD75-4254-92A0-2572E725ADA2}.Release|Any CPU.Build.0 = Release|Any CPU
		{C3EA4931-F97B-4B3E-B817-EE8000B6C448}.Debug|Any CPU.ActiveCfg = Debug|Any CPU
		{C3EA4931-F97B-4B3E-B817-EE8000B6C448}.Debug|Any CPU.Build.0 = Debug|Any CPU
		{C3EA4931-F97B-4B3E-B817-EE8000B6C448}.Release|Any CPU.ActiveCfg = Release|Any CPU
		{C3EA4931-F97B-4B3E-B817-EE8000B6C448}.Release|Any CPU.Build.0 = Release|Any CPU
		{5510C894-7736-4F52-97A8-E03552D90C73}.Debug|Any CPU.ActiveCfg = Debug|Any CPU
		{5510C894-7736-4F52-97A8-E03552D90C73}.Debug|Any CPU.Build.0 = Debug|Any CPU
		{5510C894-7736-4F52-97A8-E03552D90C73}.Release|Any CPU.ActiveCfg = Release|Any CPU
		{5510C894-7736-4F52-97A8-E03552D90C73}.Release|Any CPU.Build.0 = Release|Any CPU
		{D3D7D941-91F0-49E0-9FCA-B9056CC76AE7}.Debug|Any CPU.ActiveCfg = Debug|Any CPU
		{D3D7D941-91F0-49E0-9FCA-B9056CC76AE7}.Debug|Any CPU.Build.0 = Debug|Any CPU
		{D3D7D941-91F0-49E0-9FCA-B9056CC76AE7}.Release|Any CPU.ActiveCfg = Release|Any CPU
		{D3D7D941-91F0-49E0-9FCA-B9056CC76AE7}.Release|Any CPU.Build.0 = Release|Any CPU
		{8EEB7F89-A1A4-47AB-A8EA-7BF9947FBDFF}.Debug|Any CPU.ActiveCfg = Debug|Any CPU
		{8EEB7F89-A1A4-47AB-A8EA-7BF9947FBDFF}.Debug|Any CPU.Build.0 = Debug|Any CPU
		{8EEB7F89-A1A4-47AB-A8EA-7BF9947FBDFF}.Release|Any CPU.ActiveCfg = Release|Any CPU
		{8EEB7F89-A1A4-47AB-A8EA-7BF9947FBDFF}.Release|Any CPU.Build.0 = Release|Any CPU
		{CB307100-81A7-4255-9501-FE884944B351}.Debug|Any CPU.ActiveCfg = Debug|Any CPU
		{CB307100-81A7-4255-9501-FE884944B351}.Debug|Any CPU.Build.0 = Debug|Any CPU
		{CB307100-81A7-4255-9501-FE884944B351}.Release|Any CPU.ActiveCfg = Release|Any CPU
		{CB307100-81A7-4255-9501-FE884944B351}.Release|Any CPU.Build.0 = Release|Any CPU
		{43F5D936-62CE-4219-8AAA-31D9D698D684}.Debug|Any CPU.ActiveCfg = Debug|Any CPU
		{43F5D936-62CE-4219-8AAA-31D9D698D684}.Debug|Any CPU.Build.0 = Debug|Any CPU
		{43F5D936-62CE-4219-8AAA-31D9D698D684}.Release|Any CPU.ActiveCfg = Release|Any CPU
		{43F5D936-62CE-4219-8AAA-31D9D698D684}.Release|Any CPU.Build.0 = Release|Any CPU
		{A5236AD9-65C6-487D-B8B2-F048EC94C95D}.Debug|Any CPU.ActiveCfg = Debug|Any CPU
		{A5236AD9-65C6-487D-B8B2-F048EC94C95D}.Debug|Any CPU.Build.0 = Debug|Any CPU
		{A5236AD9-65C6-487D-B8B2-F048EC94C95D}.Release|Any CPU.ActiveCfg = Release|Any CPU
		{A5236AD9-65C6-487D-B8B2-F048EC94C95D}.Release|Any CPU.Build.0 = Release|Any CPU
		{2814DD85-8D86-46C8-A8C0-B378C5BCC8DE}.Debug|Any CPU.ActiveCfg = Debug|Any CPU
		{2814DD85-8D86-46C8-A8C0-B378C5BCC8DE}.Debug|Any CPU.Build.0 = Debug|Any CPU
		{2814DD85-8D86-46C8-A8C0-B378C5BCC8DE}.Release|Any CPU.ActiveCfg = Release|Any CPU
		{2814DD85-8D86-46C8-A8C0-B378C5BCC8DE}.Release|Any CPU.Build.0 = Release|Any CPU
		{C13EAA25-2FDC-4A83-A1AF-A4416DB3D421}.Debug|Any CPU.ActiveCfg = Debug|Any CPU
		{C13EAA25-2FDC-4A83-A1AF-A4416DB3D421}.Debug|Any CPU.Build.0 = Debug|Any CPU
		{C13EAA25-2FDC-4A83-A1AF-A4416DB3D421}.Release|Any CPU.ActiveCfg = Release|Any CPU
		{C13EAA25-2FDC-4A83-A1AF-A4416DB3D421}.Release|Any CPU.Build.0 = Release|Any CPU
		{E5560659-ECB7-49AF-BF4C-034E6D176A7D}.Debug|Any CPU.ActiveCfg = Debug|Any CPU
		{E5560659-ECB7-49AF-BF4C-034E6D176A7D}.Debug|Any CPU.Build.0 = Debug|Any CPU
		{E5560659-ECB7-49AF-BF4C-034E6D176A7D}.Release|Any CPU.ActiveCfg = Release|Any CPU
		{E5560659-ECB7-49AF-BF4C-034E6D176A7D}.Release|Any CPU.Build.0 = Release|Any CPU
		{6282C782-0DE8-470C-A18C-7B0162AE2EFD}.Debug|Any CPU.ActiveCfg = Debug|Any CPU
		{6282C782-0DE8-470C-A18C-7B0162AE2EFD}.Debug|Any CPU.Build.0 = Debug|Any CPU
		{6282C782-0DE8-470C-A18C-7B0162AE2EFD}.Release|Any CPU.ActiveCfg = Release|Any CPU
		{6282C782-0DE8-470C-A18C-7B0162AE2EFD}.Release|Any CPU.Build.0 = Release|Any CPU
		{20D39D81-BF26-4820-978D-2F041438BF4A}.Debug|Any CPU.ActiveCfg = Debug|Any CPU
		{20D39D81-BF26-4820-978D-2F041438BF4A}.Debug|Any CPU.Build.0 = Debug|Any CPU
		{20D39D81-BF26-4820-978D-2F041438BF4A}.Release|Any CPU.ActiveCfg = Release|Any CPU
		{20D39D81-BF26-4820-978D-2F041438BF4A}.Release|Any CPU.Build.0 = Release|Any CPU
		{D46810E5-BADE-474D-9A5A-C489B8F2A943}.Debug|Any CPU.ActiveCfg = Debug|Any CPU
		{D46810E5-BADE-474D-9A5A-C489B8F2A943}.Debug|Any CPU.Build.0 = Debug|Any CPU
		{D46810E5-BADE-474D-9A5A-C489B8F2A943}.Release|Any CPU.ActiveCfg = Release|Any CPU
		{D46810E5-BADE-474D-9A5A-C489B8F2A943}.Release|Any CPU.Build.0 = Release|Any CPU
		{5BA3F6FA-A9AD-410E-B604-F96F88898C1D}.Debug|Any CPU.ActiveCfg = Debug|Any CPU
		{5BA3F6FA-A9AD-410E-B604-F96F88898C1D}.Debug|Any CPU.Build.0 = Debug|Any CPU
		{5BA3F6FA-A9AD-410E-B604-F96F88898C1D}.Release|Any CPU.ActiveCfg = Release|Any CPU
		{5BA3F6FA-A9AD-410E-B604-F96F88898C1D}.Release|Any CPU.Build.0 = Release|Any CPU
		{533A49E6-D07A-4E6A-AA47-4AF934084CB1}.Debug|Any CPU.ActiveCfg = Debug|Any CPU
		{533A49E6-D07A-4E6A-AA47-4AF934084CB1}.Debug|Any CPU.Build.0 = Debug|Any CPU
		{533A49E6-D07A-4E6A-AA47-4AF934084CB1}.Release|Any CPU.ActiveCfg = Release|Any CPU
		{533A49E6-D07A-4E6A-AA47-4AF934084CB1}.Release|Any CPU.Build.0 = Release|Any CPU
		{2CD62E10-9938-459D-9FAB-6A2AAB2AF27A}.Debug|Any CPU.ActiveCfg = Debug|Any CPU
		{2CD62E10-9938-459D-9FAB-6A2AAB2AF27A}.Debug|Any CPU.Build.0 = Debug|Any CPU
		{2CD62E10-9938-459D-9FAB-6A2AAB2AF27A}.Release|Any CPU.ActiveCfg = Release|Any CPU
		{2CD62E10-9938-459D-9FAB-6A2AAB2AF27A}.Release|Any CPU.Build.0 = Release|Any CPU
		{7818CBFE-9641-42EB-BAB3-418974EBD65A}.Debug|Any CPU.ActiveCfg = Debug|Any CPU
		{7818CBFE-9641-42EB-BAB3-418974EBD65A}.Debug|Any CPU.Build.0 = Debug|Any CPU
		{7818CBFE-9641-42EB-BAB3-418974EBD65A}.Release|Any CPU.ActiveCfg = Release|Any CPU
		{7818CBFE-9641-42EB-BAB3-418974EBD65A}.Release|Any CPU.Build.0 = Release|Any CPU
		{D39C34F2-CA1D-4709-963A-5A64FD38B440}.Debug|Any CPU.ActiveCfg = Debug|Any CPU
		{D39C34F2-CA1D-4709-963A-5A64FD38B440}.Debug|Any CPU.Build.0 = Debug|Any CPU
		{D39C34F2-CA1D-4709-963A-5A64FD38B440}.Release|Any CPU.ActiveCfg = Release|Any CPU
		{D39C34F2-CA1D-4709-963A-5A64FD38B440}.Release|Any CPU.Build.0 = Release|Any CPU
		{284D19E0-27DA-4FA7-A292-0E0F41706064}.Debug|Any CPU.ActiveCfg = Debug|Any CPU
		{284D19E0-27DA-4FA7-A292-0E0F41706064}.Debug|Any CPU.Build.0 = Debug|Any CPU
		{284D19E0-27DA-4FA7-A292-0E0F41706064}.Release|Any CPU.ActiveCfg = Release|Any CPU
		{284D19E0-27DA-4FA7-A292-0E0F41706064}.Release|Any CPU.Build.0 = Release|Any CPU
		{1E8E6C0E-E5E4-4278-90AB-25832CD19CE0}.Debug|Any CPU.ActiveCfg = Debug|Any CPU
		{1E8E6C0E-E5E4-4278-90AB-25832CD19CE0}.Debug|Any CPU.Build.0 = Debug|Any CPU
		{1E8E6C0E-E5E4-4278-90AB-25832CD19CE0}.Release|Any CPU.ActiveCfg = Release|Any CPU
		{1E8E6C0E-E5E4-4278-90AB-25832CD19CE0}.Release|Any CPU.Build.0 = Release|Any CPU
		{8F649272-85B8-4ECA-8C61-BE23AC4A465E}.Debug|Any CPU.ActiveCfg = Debug|Any CPU
		{8F649272-85B8-4ECA-8C61-BE23AC4A465E}.Debug|Any CPU.Build.0 = Debug|Any CPU
		{8F649272-85B8-4ECA-8C61-BE23AC4A465E}.Release|Any CPU.ActiveCfg = Release|Any CPU
		{8F649272-85B8-4ECA-8C61-BE23AC4A465E}.Release|Any CPU.Build.0 = Release|Any CPU
		{4525EF37-30A2-4AAC-9F77-A7169CAC0B14}.Debug|Any CPU.ActiveCfg = Debug|Any CPU
		{4525EF37-30A2-4AAC-9F77-A7169CAC0B14}.Debug|Any CPU.Build.0 = Debug|Any CPU
		{4525EF37-30A2-4AAC-9F77-A7169CAC0B14}.Release|Any CPU.ActiveCfg = Release|Any CPU
		{4525EF37-30A2-4AAC-9F77-A7169CAC0B14}.Release|Any CPU.Build.0 = Release|Any CPU
		{E5ECDF01-81E4-4CAA-9F7E-2B9D7778BDFF}.Debug|Any CPU.ActiveCfg = Debug|Any CPU
		{E5ECDF01-81E4-4CAA-9F7E-2B9D7778BDFF}.Debug|Any CPU.Build.0 = Debug|Any CPU
		{E5ECDF01-81E4-4CAA-9F7E-2B9D7778BDFF}.Release|Any CPU.ActiveCfg = Release|Any CPU
		{E5ECDF01-81E4-4CAA-9F7E-2B9D7778BDFF}.Release|Any CPU.Build.0 = Release|Any CPU
		{EB61C3C7-E95F-4120-B6BB-5DD88F0F1416}.Debug|Any CPU.ActiveCfg = Debug|Any CPU
		{EB61C3C7-E95F-4120-B6BB-5DD88F0F1416}.Debug|Any CPU.Build.0 = Debug|Any CPU
		{EB61C3C7-E95F-4120-B6BB-5DD88F0F1416}.Release|Any CPU.ActiveCfg = Release|Any CPU
		{EB61C3C7-E95F-4120-B6BB-5DD88F0F1416}.Release|Any CPU.Build.0 = Release|Any CPU
		{9E494C45-520B-43DD-9756-930AB29BA861}.Debug|Any CPU.ActiveCfg = Debug|Any CPU
		{9E494C45-520B-43DD-9756-930AB29BA861}.Debug|Any CPU.Build.0 = Debug|Any CPU
		{9E494C45-520B-43DD-9756-930AB29BA861}.Release|Any CPU.ActiveCfg = Release|Any CPU
		{9E494C45-520B-43DD-9756-930AB29BA861}.Release|Any CPU.Build.0 = Release|Any CPU
		{EFA1F88D-1BB0-4854-9A52-1EF42B97264E}.Debug|Any CPU.ActiveCfg = Debug|Any CPU
		{EFA1F88D-1BB0-4854-9A52-1EF42B97264E}.Debug|Any CPU.Build.0 = Debug|Any CPU
		{EFA1F88D-1BB0-4854-9A52-1EF42B97264E}.Release|Any CPU.ActiveCfg = Release|Any CPU
		{EFA1F88D-1BB0-4854-9A52-1EF42B97264E}.Release|Any CPU.Build.0 = Release|Any CPU
		{C0380EA9-F75B-4CE7-8186-D9DBDC47F926}.Debug|Any CPU.ActiveCfg = Debug|Any CPU
		{C0380EA9-F75B-4CE7-8186-D9DBDC47F926}.Debug|Any CPU.Build.0 = Debug|Any CPU
		{C0380EA9-F75B-4CE7-8186-D9DBDC47F926}.Release|Any CPU.ActiveCfg = Release|Any CPU
		{C0380EA9-F75B-4CE7-8186-D9DBDC47F926}.Release|Any CPU.Build.0 = Release|Any CPU
	EndGlobalSection
	GlobalSection(SolutionProperties) = preSolution
		HideSolutionNode = FALSE
	EndGlobalSection
	GlobalSection(NestedProjects) = preSolution
		{05AA1D09-3168-47E0-B67F-A317ACE950A6} = {915814D2-5BE2-49F0-9232-ADE19755B7A5}
		{C7D443F3-565C-46DF-81C5-C3BA0371C968} = {915814D2-5BE2-49F0-9232-ADE19755B7A5}
		{AF1A9DD8-E9DE-4AFA-BF71-B27A8B6C16A2} = {915814D2-5BE2-49F0-9232-ADE19755B7A5}
		{394E0EB9-915A-4681-A602-7FBCFEC1CE95} = {915814D2-5BE2-49F0-9232-ADE19755B7A5}
		{9621AFDB-44E0-4059-B789-065E6F10B450} = {F152E72B-25A6-456D-8C1B-8395ADF1B77D}
		{F152E72B-25A6-456D-8C1B-8395ADF1B77D} = {C7D443F3-565C-46DF-81C5-C3BA0371C968}
		{52950555-1515-4D34-B817-E6133694F084} = {C7D443F3-565C-46DF-81C5-C3BA0371C968}
		{1F30A598-D3BE-4B09-A2D7-3E644E029D1E} = {C7D443F3-565C-46DF-81C5-C3BA0371C968}
		{7C9C835D-F3E6-4C3E-93D9-21FD57820B43} = {C7D443F3-565C-46DF-81C5-C3BA0371C968}
		{A3B70122-8E53-42F4-B003-E1D5FD529269} = {7C9C835D-F3E6-4C3E-93D9-21FD57820B43}
		{A6EAC991-1E5E-472E-8CCE-37C7EEE8A4E7} = {1F30A598-D3BE-4B09-A2D7-3E644E029D1E}
		{00AADFFE-4137-4034-94AB-0EC877C2D8CE} = {52950555-1515-4D34-B817-E6133694F084}
		{DA05D63D-A1A3-4C1C-A0E0-7746CAB27FE2} = {915814D2-5BE2-49F0-9232-ADE19755B7A5}
		{65C72055-7E3F-4851-B92E-AEF5261FFB7D} = {52950555-1515-4D34-B817-E6133694F084}
		{224FB26A-9899-44B6-9FA1-A0A19B833875} = {AF66527B-18C9-42CB-9419-886E7540CC05}
		{AF66527B-18C9-42CB-9419-886E7540CC05} = {C7D443F3-565C-46DF-81C5-C3BA0371C968}
		{675C1CB0-BDBC-4725-AF89-F108EC85906F} = {DA05D63D-A1A3-4C1C-A0E0-7746CAB27FE2}
		{329AEAD5-BD75-4254-92A0-2572E725ADA2} = {DA05D63D-A1A3-4C1C-A0E0-7746CAB27FE2}
		{C3EA4931-F97B-4B3E-B817-EE8000B6C448} = {DA05D63D-A1A3-4C1C-A0E0-7746CAB27FE2}
		{5510C894-7736-4F52-97A8-E03552D90C73} = {4A765487-8479-4601-8F82-C578AA9ACD17}
		{12173691-D976-442C-AF07-B41E1D922E98} = {C7D443F3-565C-46DF-81C5-C3BA0371C968}
		{D3D7D941-91F0-49E0-9FCA-B9056CC76AE7} = {12173691-D976-442C-AF07-B41E1D922E98}
		{15D14B7F-8D01-427B-8334-70462E32EC69} = {AF1A9DD8-E9DE-4AFA-BF71-B27A8B6C16A2}
		{1544C05D-53FA-491B-86B7-DA3177A8F47D} = {AF1A9DD8-E9DE-4AFA-BF71-B27A8B6C16A2}
		{09D9886E-681D-4B73-BCA2-1C5DF935A6A7} = {AF1A9DD8-E9DE-4AFA-BF71-B27A8B6C16A2}
		{42177189-F117-45B9-A76C-40FB0A7E6C00} = {AF1A9DD8-E9DE-4AFA-BF71-B27A8B6C16A2}
		{CFE8CC99-1954-4CD1-A54F-8D7C44C12C92} = {AF1A9DD8-E9DE-4AFA-BF71-B27A8B6C16A2}
		{D61A7F96-BFC3-4E2B-8CF2-998C91C7DF9F} = {AF1A9DD8-E9DE-4AFA-BF71-B27A8B6C16A2}
		{8EEB7F89-A1A4-47AB-A8EA-7BF9947FBDFF} = {15D14B7F-8D01-427B-8334-70462E32EC69}
		{CB307100-81A7-4255-9501-FE884944B351} = {42177189-F117-45B9-A76C-40FB0A7E6C00}
		{43F5D936-62CE-4219-8AAA-31D9D698D684} = {09D9886E-681D-4B73-BCA2-1C5DF935A6A7}
		{A5236AD9-65C6-487D-B8B2-F048EC94C95D} = {1544C05D-53FA-491B-86B7-DA3177A8F47D}
		{2814DD85-8D86-46C8-A8C0-B378C5BCC8DE} = {1544C05D-53FA-491B-86B7-DA3177A8F47D}
		{C13EAA25-2FDC-4A83-A1AF-A4416DB3D421} = {D61A7F96-BFC3-4E2B-8CF2-998C91C7DF9F}
		{D853ECAC-482F-41EB-9B87-8DACCBAFF5D0} = {394E0EB9-915A-4681-A602-7FBCFEC1CE95}
		{44FB22E4-F403-46F7-A965-0FD97359843F} = {394E0EB9-915A-4681-A602-7FBCFEC1CE95}
		{4D23CE55-71DE-429F-952A-2A6EB37179ED} = {394E0EB9-915A-4681-A602-7FBCFEC1CE95}
		{FC76E4F3-5FB2-4A7E-B964-FE039860066F} = {394E0EB9-915A-4681-A602-7FBCFEC1CE95}
		{DC39699C-11E2-4B69-8CD8-6BC9348C4716} = {394E0EB9-915A-4681-A602-7FBCFEC1CE95}
		{70CFCA98-8216-4DE9-A99D-1413D4D952FF} = {394E0EB9-915A-4681-A602-7FBCFEC1CE95}
		{E5560659-ECB7-49AF-BF4C-034E6D176A7D} = {FC76E4F3-5FB2-4A7E-B964-FE039860066F}
		{6282C782-0DE8-470C-A18C-7B0162AE2EFD} = {DC39699C-11E2-4B69-8CD8-6BC9348C4716}
		{20D39D81-BF26-4820-978D-2F041438BF4A} = {44FB22E4-F403-46F7-A965-0FD97359843F}
		{D46810E5-BADE-474D-9A5A-C489B8F2A943} = {4D23CE55-71DE-429F-952A-2A6EB37179ED}
		{5BA3F6FA-A9AD-410E-B604-F96F88898C1D} = {44FB22E4-F403-46F7-A965-0FD97359843F}
		{533A49E6-D07A-4E6A-AA47-4AF934084CB1} = {D853ECAC-482F-41EB-9B87-8DACCBAFF5D0}
		{2CD62E10-9938-459D-9FAB-6A2AAB2AF27A} = {44FB22E4-F403-46F7-A965-0FD97359843F}
		{59B7821A-FAB1-453C-9C98-DFC55A0700C7} = {C7D443F3-565C-46DF-81C5-C3BA0371C968}
		{7818CBFE-9641-42EB-BAB3-418974EBD65A} = {59B7821A-FAB1-453C-9C98-DFC55A0700C7}
		{1AE3686C-EBE5-4F85-8EB8-74596BD8C3E0} = {05AA1D09-3168-47E0-B67F-A317ACE950A6}
		{D89ACEC6-847B-4B41-B157-155172266C4D} = {05AA1D09-3168-47E0-B67F-A317ACE950A6}
		{E91FD2BC-50B8-4968-8D7D-F149656A4226} = {05AA1D09-3168-47E0-B67F-A317ACE950A6}
		{02010A0B-D60D-45AC-ABC2-DCA15E0BFBCD} = {05AA1D09-3168-47E0-B67F-A317ACE950A6}
		{9ACB3927-F835-4466-A17B-2745ED390F72} = {05AA1D09-3168-47E0-B67F-A317ACE950A6}
		{D39C34F2-CA1D-4709-963A-5A64FD38B440} = {02010A0B-D60D-45AC-ABC2-DCA15E0BFBCD}
		{284D19E0-27DA-4FA7-A292-0E0F41706064} = {E91FD2BC-50B8-4968-8D7D-F149656A4226}
		{1E8E6C0E-E5E4-4278-90AB-25832CD19CE0} = {1AE3686C-EBE5-4F85-8EB8-74596BD8C3E0}
		{8F649272-85B8-4ECA-8C61-BE23AC4A465E} = {D89ACEC6-847B-4B41-B157-155172266C4D}
		{756E1C47-807C-45BB-9E8D-EA1B6E638D9B} = {D94A6683-A8A8-4F13-BC5E-7200578B7883}
		{4525EF37-30A2-4AAC-9F77-A7169CAC0B14} = {756E1C47-807C-45BB-9E8D-EA1B6E638D9B}
		{E5ECDF01-81E4-4CAA-9F7E-2B9D7778BDFF} = {D94A6683-A8A8-4F13-BC5E-7200578B7883}
		{EB61C3C7-E95F-4120-B6BB-5DD88F0F1416} = {D94A6683-A8A8-4F13-BC5E-7200578B7883}
		{9E494C45-520B-43DD-9756-930AB29BA861} = {8979C341-67EB-4050-AD5B-F4E3A2784EAA}
		{EFA1F88D-1BB0-4854-9A52-1EF42B97264E} = {8979C341-67EB-4050-AD5B-F4E3A2784EAA}
		{C0380EA9-F75B-4CE7-8186-D9DBDC47F926} = {756E1C47-807C-45BB-9E8D-EA1B6E638D9B}
	EndGlobalSection
	GlobalSection(ExtensibilityGlobals) = postSolution
		SolutionGuid = {135AC345-16A5-4C28-B943-5A3B8AC80D2C}
	EndGlobalSection
EndGlobal
